# THIS IS AN AUTOGENERATED FILE. DO NOT EDIT THIS FILE DIRECTLY.
# yarn lockfile v1


"dhis2-period-generator@../build/js/packages/dhis2-period-generator/":
  "resolved" "file:../build/js/packages/dhis2-period-generator"
  "version" "1.0.0-SNAPSHOT"
  dependencies:
    "@js-joda/core" "3.2.0"
    "format-util" "^1.0.5"
